
Microsoft Visual Studio Solution File, Format Version 12.00
# Visual Studio Version 17
VisualStudioVersion = 17.0.31903.59
MinimumVisualStudioVersion = 10.0.40219.1
Project("{9A19103F-16F7-4668-BE54-9A1E7A4F7556}") = "SpottersDB_BackEnd", "SpottersDB_BackEnd\SpottersDB_BackEnd.csproj", "{1448A8D9-4824-4CE3-B7D9-EF008FE1AE4C}"
EndProject
Project("{FAE04EC0-301F-11D3-BF4B-00C04F79EFBC}") = "SpottersDB_FrontEnd", "SpottersDB_FrontEnd\SpottersDB_FrontEnd.csproj", "{576F9C57-D23A-48F5-8611-51A218F5D471}"
EndProject
Global
	GlobalSection(SolutionConfigurationPlatforms) = preSolution
		Debug|Any CPU = Debug|Any CPU
		Release|Any CPU = Release|Any CPU
	EndGlobalSection
	GlobalSection(ProjectConfigurationPlatforms) = postSolution
		{1448A8D9-4824-4CE3-B7D9-EF008FE1AE4C}.Debug|Any CPU.ActiveCfg = Debug|Any CPU
		{1448A8D9-4824-4CE3-B7D9-EF008FE1AE4C}.Debug|Any CPU.Build.0 = Debug|Any CPU
		{1448A8D9-4824-4CE3-B7D9-EF008FE1AE4C}.Release|Any CPU.ActiveCfg = Release|Any CPU
		{1448A8D9-4824-4CE3-B7D9-EF008FE1AE4C}.Release|Any CPU.Build.0 = Release|Any CPU
		{576F9C57-D23A-48F5-8611-51A218F5D471}.Debug|Any CPU.ActiveCfg = Debug|Any CPU
		{576F9C57-D23A-48F5-8611-51A218F5D471}.Debug|Any CPU.Build.0 = Debug|Any CPU
		{576F9C57-D23A-48F5-8611-51A218F5D471}.Release|Any CPU.ActiveCfg = Release|Any CPU
		{576F9C57-D23A-48F5-8611-51A218F5D471}.Release|Any CPU.Build.0 = Release|Any CPU
	EndGlobalSection
	GlobalSection(SolutionProperties) = preSolution
		HideSolutionNode = FALSE
	EndGlobalSection
	GlobalSection(ExtensibilityGlobals) = postSolution
		SolutionGuid = {9B3F792D-6B7A-4D98-8BA3-612691F33D64}
	EndGlobalSection
EndGlobal
